
Microsoft Visual Studio Solution File, Format Version 12.00
# Visual Studio Version 16
VisualStudioVersion = 16.0.31321.278
MinimumVisualStudioVersion = 10.0.40219.1
Project("{FAE04EC0-301F-11D3-BF4B-00C04F79EFBC}") = "OnlineOrders", "OnlineOrders.csproj", "{7C2A05C1-BC73-44BC-B445-0F4E7D388508}"
EndProject
Global
	GlobalSection(SolutionConfigurationPlatforms) = preSolution
		Debug|Any CPU = Debug|Any CPU
		Release|Any CPU = Release|Any CPU
	EndGlobalSection
	GlobalSection(ProjectConfigurationPlatforms) = postSolution
		{7C2A05C1-BC73-44BC-B445-0F4E7D388508}.Debug|Any CPU.ActiveCfg = Debug|Any CPU
		{7C2A05C1-BC73-44BC-B445-0F4E7D388508}.Debug|Any CPU.Build.0 = Debug|Any CPU
		{7C2A05C1-BC73-44BC-B445-0F4E7D388508}.Release|Any CPU.ActiveCfg = Release|Any CPU
		{7C2A05C1-BC73-44BC-B445-0F4E7D388508}.Release|Any CPU.Build.0 = Release|Any CPU
	EndGlobalSection
	GlobalSection(SolutionProperties) = preSolution
		HideSolutionNode = FALSE
	EndGlobalSection
	GlobalSection(ExtensibilityGlobals) = postSolution
		SolutionGuid = {C2EA84E3-2923-4C31-8B05-81B505FDD8BD}
	EndGlobalSection
EndGlobal
